
Microsoft Visual Studio Solution File, Format Version 12.00
# Visual Studio Version 16
VisualStudioVersion = 16.0.29001.49
MinimumVisualStudioVersion = 10.0.40219.1
Project("{FAE04EC0-301F-11D3-BF4B-00C04F79EFBC}") = "Connect 4", "Connect 4.csproj", "{DB49F95E-1B2A-42D8-9D0B-5CFA4446D88E}"
EndProject
Global
	GlobalSection(SolutionConfigurationPlatforms) = preSolution
		Debug|Any CPU = Debug|Any CPU
		Release|Any CPU = Release|Any CPU
	EndGlobalSection
	GlobalSection(ProjectConfigurationPlatforms) = postSolution
		{DB49F95E-1B2A-42D8-9D0B-5CFA4446D88E}.Debug|Any CPU.ActiveCfg = Debug|Any CPU
		{DB49F95E-1B2A-42D8-9D0B-5CFA4446D88E}.Debug|Any CPU.Build.0 = Debug|Any CPU
		{DB49F95E-1B2A-42D8-9D0B-5CFA4446D88E}.Release|Any CPU.ActiveCfg = Release|Any CPU
		{DB49F95E-1B2A-42D8-9D0B-5CFA4446D88E}.Release|Any CPU.Build.0 = Release|Any CPU
	EndGlobalSection
	GlobalSection(SolutionProperties) = preSolution
		HideSolutionNode = FALSE
	EndGlobalSection
	GlobalSection(ExtensibilityGlobals) = postSolution
		SolutionGuid = {3EAFAB61-57DE-4559-B448-EF0C10FBDCC0}
	EndGlobalSection
EndGlobal
